// !$*UTF8*$!
{
	archiveVersion = 1;
	classes = {
	};
	objectVersion = 46;
	objects = {

/* Begin PBXBuildFile section */
		FA42781A1C9311BB00CE0E22 /* main.m in Sources */ = {isa = PBXBuildFile; fileRef = FA4278191C9311BB00CE0E22 /* main.m */; };
		FA42781D1C9311BB00CE0E22 /* AppDelegate.m in Sources */ = {isa = PBXBuildFile; fileRef = FA42781C1C9311BB00CE0E22 /* AppDelegate.m */; };
		FA4278201C9311BB00CE0E22 /* ViewController.m in Sources */ = {isa = PBXBuildFile; fileRef = FA42781F1C9311BB00CE0E22 /* ViewController.m */; };
		FA4278231C9311BB00CE0E22 /* Main.storyboard in Resources */ = {isa = PBXBuildFile; fileRef = FA4278211C9311BB00CE0E22 /* Main.storyboard */; };
		FA4278251C9311BB00CE0E22 /* Assets.xcassets in Resources */ = {isa = PBXBuildFile; fileRef = FA4278241C9311BB00CE0E22 /* Assets.xcassets */; };
		FA4278281C9311BB00CE0E22 /* LaunchScreen.storyboard in Resources */ = {isa = PBXBuildFile; fileRef = FA4278261C9311BB00CE0E22 /* LaunchScreen.storyboard */; };
		FA4278331C9311BB00CE0E22 /* UIbuttonBackgroundColorTests.m in Sources */ = {isa = PBXBuildFile; fileRef = FA4278321C9311BB00CE0E22 /* UIbuttonBackgroundColorTests.m */; };
		FA42783E1C9311BB00CE0E22 /* UIbuttonBackgroundColorUITests.m in Sources */ = {isa = PBXBuildFile; fileRef = FA42783D1C9311BB00CE0E22 /* UIbuttonBackgroundColorUITests.m */; };
		FA4278541C9329AF00CE0E22 /* UIButton+BackgroundColor.m in Sources */ = {isa = PBXBuildFile; fileRef = FA4278531C9329AF00CE0E22 /* UIButton+BackgroundColor.m */; };
/* End PBXBuildFile section */

/* Begin PBXContainerItemProxy section */
		FA42782F1C9311BB00CE0E22 /* PBXContainerItemProxy */ = {
			isa = PBXContainerItemProxy;
			containerPortal = FA42780D1C9311BB00CE0E22 /* Project object */;
			proxyType = 1;
			remoteGlobalIDString = FA4278141C9311BB00CE0E22;
			remoteInfo = UIbuttonBackgroundColor;
		};
		FA42783A1C9311BB00CE0E22 /* PBXContainerItemProxy */ = {
			isa = PBXContainerItemProxy;
			containerPortal = FA42780D1C9311BB00CE0E22 /* Project object */;
			proxyType = 1;
			remoteGlobalIDString = FA4278141C9311BB00CE0E22;
			remoteInfo = UIbuttonBackgroundColor;
		};
/* End PBXContainerItemProxy section */

/* Begin PBXFileReference section */
		FA4278151C9311BB00CE0E22 /* UIbuttonBackgroundColor.app */ = {isa = PBXFileReference; explicitFileType = wrapper.application; includeInIndex = 0; path = UIbuttonBackgroundColor.app; sourceTree = BUILT_PRODUCTS_DIR; };
		FA4278191C9311BB00CE0E22 /* main.m */ = {isa = PBXFileReference; lastKnownFileType = sourcecode.c.objc; path = main.m; sourceTree = "<group>"; };
		FA42781B1C9311BB00CE0E22 /* AppDelegate.h */ = {isa = PBXFileReference; lastKnownFileType = sourcecode.c.h; path = AppDelegate.h; sourceTree = "<group>"; };
		FA42781C1C9311BB00CE0E22 /* AppDelegate.m */ = {isa = PBXFileReference; lastKnownFileType = sourcecode.c.objc; path = AppDelegate.m; sourceTree = "<group>"; };
		FA42781E1C9311BB00CE0E22 /* ViewController.h */ = {isa = PBXFileReference; lastKnownFileType = sourcecode.c.h; path = ViewController.h; sourceTree = "<group>"; };
		FA42781F1C9311BB00CE0E22 /* ViewController.m */ = {isa = PBXFileReference; lastKnownFileType = sourcecode.c.objc; path = ViewController.m; sourceTree = "<group>"; };
		FA4278221C9311BB00CE0E22 /* Base */ = {isa = PBXFileReference; lastKnownFileType = file.storyboard; name = Base; path = Base.lproj/Main.storyboard; sourceTree = "<group>"; };
		FA4278241C9311BB00CE0E22 /* Assets.xcassets */ = {isa = PBXFileReference; lastKnownFileType = folder.assetcatalog; path = Assets.xcassets; sourceTree = "<group>"; };
		FA4278271C9311BB00CE0E22 /* Base */ = {isa = PBXFileReference; lastKnownFileType = file.storyboard; name = Base; path = Base.lproj/LaunchScreen.storyboard; sourceTree = "<group>"; };
		FA4278291C9311BB00CE0E22 /* Info.plist */ = {isa = PBXFileReference; lastKnownFileType = text.plist.xml; path = Info.plist; sourceTree = "<group>"; };
		FA42782E1C9311BB00CE0E22 /* UIbuttonBackgroundColorTests.xctest */ = {isa = PBXFileReference; explicitFileType = wrapper.cfbundle; includeInIndex = 0; path = UIbuttonBackgroundColorTests.xctest; sourceTree = BUILT_PRODUCTS_DIR; };
		FA4278321C9311BB00CE0E22 /* UIbuttonBackgroundColorTests.m */ = {isa = PBXFileReference; lastKnownFileType = sourcecode.c.objc; path = UIbuttonBackgroundColorTests.m; sourceTree = "<group>"; };
		FA4278341C9311BB00CE0E22 /* Info.plist */ = {isa = PBXFileReference; lastKnownFileType = text.plist.xml; path = Info.plist; sourceTree = "<group>"; };
		FA4278391C9311BB00CE0E22 /* UIbuttonBackgroundColorUITests.xctest */ = {isa = PBXFileReference; explicitFileType = wrapper.cfbundle; includeInIndex = 0; path = UIbuttonBackgroundColorUITests.xctest; sourceTree = BUILT_PRODUCTS_DIR; };
		FA42783D1C9311BB00CE0E22 /* UIbuttonBackgroundColorUITests.m */ = {isa = PBXFileReference; lastKnownFileType = sourcecode.c.objc; path = UIbuttonBackgroundColorUITests.m; sourceTree = "<group>"; };
		FA42783F1C9311BB00CE0E22 /* Info.plist */ = {isa = PBXFileReference; lastKnownFileType = text.plist.xml; path = Info.plist; sourceTree = "<group>"; };
		FA4278521C9329AF00CE0E22 /* UIButton+BackgroundColor.h */ = {isa = PBXFileReference; fileEncoding = 4; lastKnownFileType = sourcecode.c.h; path = "UIButton+BackgroundColor.h"; sourceTree = "<group>"; };
		FA4278531C9329AF00CE0E22 /* UIButton+BackgroundColor.m */ = {isa = PBXFileReference; fileEncoding = 4; lastKnownFileType = sourcecode.c.objc; path = "UIButton+BackgroundColor.m"; sourceTree = "<group>"; };
/* End PBXFileReference section */

/* Begin PBXFrameworksBuildPhase section */
		FA4278121C9311BB00CE0E22 /* Frameworks */ = {
			isa = PBXFrameworksBuildPhase;
			buildActionMask = 2147483647;
			files = (
			);
			runOnlyForDeploymentPostprocessing = 0;
		};
		FA42782B1C9311BB00CE0E22 /* Frameworks */ = {
			isa = PBXFrameworksBuildPhase;
			buildActionMask = 2147483647;
			files = (
			);
			runOnlyForDeploymentPostprocessing = 0;
		};
		FA4278361C9311BB00CE0E22 /* Frameworks */ = {
			isa = PBXFrameworksBuildPhase;
			buildActionMask = 2147483647;
			files = (
			);
			runOnlyForDeploymentPostprocessing = 0;
		};
/* End PBXFrameworksBuildPhase section */

/* Begin PBXGroup section */
		FA42780C1C9311BB00CE0E22 = {
			isa = PBXGroup;
			children = (
				FA4278171C9311BB00CE0E22 /* UIbuttonBackgroundColor */,
				FA4278311C9311BB00CE0E22 /* UIbuttonBackgroundColorTests */,
				FA42783C1C9311BB00CE0E22 /* UIbuttonBackgroundColorUITests */,
				FA4278161C9311BB00CE0E22 /* Products */,
			);
			sourceTree = "<group>";
		};
		FA4278161C9311BB00CE0E22 /* Products */ = {
			isa = PBXGroup;
			children = (
				FA4278151C9311BB00CE0E22 /* UIbuttonBackgroundColor.app */,
				FA42782E1C9311BB00CE0E22 /* UIbuttonBackgroundColorTests.xctest */,
				FA4278391C9311BB00CE0E22 /* UIbuttonBackgroundColorUITests.xctest */,
			);
			name = Products;
			sourceTree = "<group>";
		};
		FA4278171C9311BB00CE0E22 /* UIbuttonBackgroundColor */ = {
			isa = PBXGroup;
			children = (
				FA42784B1C93124700CE0E22 /* UIButton+BackgroundColor */,
				FA42781B1C9311BB00CE0E22 /* AppDelegate.h */,
				FA42781C1C9311BB00CE0E22 /* AppDelegate.m */,
				FA42781E1C9311BB00CE0E22 /* ViewController.h */,
				FA42781F1C9311BB00CE0E22 /* ViewController.m */,
				FA4278211C9311BB00CE0E22 /* Main.storyboard */,
				FA4278241C9311BB00CE0E22 /* Assets.xcassets */,
				FA4278261C9311BB00CE0E22 /* LaunchScreen.storyboard */,
				FA4278291C9311BB00CE0E22 /* Info.plist */,
				FA4278181C9311BB00CE0E22 /* Supporting Files */,
			);
			path = UIbuttonBackgroundColor;
			sourceTree = "<group>";
		};
		FA4278181C9311BB00CE0E22 /* Supporting Files */ = {
			isa = PBXGroup;
			children = (
				FA4278191C9311BB00CE0E22 /* main.m */,
			);
			name = "Supporting Files";
			sourceTree = "<group>";
		};
		FA4278311C9311BB00CE0E22 /* UIbuttonBackgroundColorTests */ = {
			isa = PBXGroup;
			children = (
				FA4278321C9311BB00CE0E22 /* UIbuttonBackgroundColorTests.m */,
				FA4278341C9311BB00CE0E22 /* Info.plist */,
			);
			path = UIbuttonBackgroundColorTests;
			sourceTree = "<group>";
		};
		FA42783C1C9311BB00CE0E22 /* UIbuttonBackgroundColorUITests */ = {
			isa = PBXGroup;
			children = (
				FA42783D1C9311BB00CE0E22 /* UIbuttonBackgroundColorUITests.m */,
				FA42783F1C9311BB00CE0E22 /* Info.plist */,
			);
			path = UIbuttonBackgroundColorUITests;
			sourceTree = "<group>";
		};
		FA42784B1C93124700CE0E22 /* UIButton+BackgroundColor */ = {
			isa = PBXGroup;
			children = (
				FA4278521C9329AF00CE0E22 /* UIButton+BackgroundColor.h */,
				FA4278531C9329AF00CE0E22 /* UIButton+BackgroundColor.m */,
			);
			path = "UIButton+BackgroundColor";
			sourceTree = "<group>";
		};
/* End PBXGroup section */

/* Begin PBXNativeTarget section */
		FA4278141C9311BB00CE0E22 /* UIbuttonBackgroundColor */ = {
			isa = PBXNativeTarget;
			buildConfigurationList = FA4278421C9311BB00CE0E22 /* Build configuration list for PBXNativeTarget "UIbuttonBackgroundColor" */;
			buildPhases = (
				FA4278111C9311BB00CE0E22 /* Sources */,
				FA4278121C9311BB00CE0E22 /* Frameworks */,
				FA4278131C9311BB00CE0E22 /* Resources */,
			);
			buildRules = (
			);
			dependencies = (
			);
			name = UIbuttonBackgroundColor;
			productName = UIbuttonBackgroundColor;
			productReference = FA4278151C9311BB00CE0E22 /* UIbuttonBackgroundColor.app */;
			productType = "com.apple.product-type.application";
		};
		FA42782D1C9311BB00CE0E22 /* UIbuttonBackgroundColorTests */ = {
			isa = PBXNativeTarget;
			buildConfigurationList = FA4278451C9311BB00CE0E22 /* Build configuration list for PBXNativeTarget "UIbuttonBackgroundColorTests" */;
			buildPhases = (
				FA42782A1C9311BB00CE0E22 /* Sources */,
				FA42782B1C9311BB00CE0E22 /* Frameworks */,
				FA42782C1C9311BB00CE0E22 /* Resources */,
			);
			buildRules = (
			);
			dependencies = (
				FA4278301C9311BB00CE0E22 /* PBXTargetDependency */,
			);
			name = UIbuttonBackgroundColorTests;
			productName = UIbuttonBackgroundColorTests;
			productReference = FA42782E1C9311BB00CE0E22 /* UIbuttonBackgroundColorTests.xctest */;
			productType = "com.apple.product-type.bundle.unit-test";
		};
		FA4278381C9311BB00CE0E22 /* UIbuttonBackgroundColorUITests */ = {
			isa = PBXNativeTarget;
			buildConfigurationList = FA4278481C9311BB00CE0E22 /* Build configuration list for PBXNativeTarget "UIbuttonBackgroundColorUITests" */;
			buildPhases = (
				FA4278351C9311BB00CE0E22 /* Sources */,
				FA4278361C9311BB00CE0E22 /* Frameworks */,
				FA4278371C9311BB00CE0E22 /* Resources */,
			);
			buildRules = (
			);
			dependencies = (
				FA42783B1C9311BB00CE0E22 /* PBXTargetDependency */,
			);
			name = UIbuttonBackgroundColorUITests;
			productName = UIbuttonBackgroundColorUITests;
			productReference = FA4278391C9311BB00CE0E22 /* UIbuttonBackgroundColorUITests.xctest */;
			productType = "com.apple.product-type.bundle.ui-testing";
		};
/* End PBXNativeTarget section */

/* Begin PBXProject section */
		FA42780D1C9311BB00CE0E22 /* Project object */ = {
			isa = PBXProject;
			attributes = {
				LastUpgradeCheck = 0720;
				ORGANIZATIONNAME = Alex;
				TargetAttributes = {
					FA4278141C9311BB00CE0E22 = {
						CreatedOnToolsVersion = 7.2.1;
					};
					FA42782D1C9311BB00CE0E22 = {
						CreatedOnToolsVersion = 7.2.1;
						TestTargetID = FA4278141C9311BB00CE0E22;
					};
					FA4278381C9311BB00CE0E22 = {
						CreatedOnToolsVersion = 7.2.1;
						TestTargetID = FA4278141C9311BB00CE0E22;
					};
				};
			};
			buildConfigurationList = FA4278101C9311BB00CE0E22 /* Build configuration list for PBXProject "UIbuttonBackgroundColor" */;
			compatibilityVersion = "Xcode 3.2";
			developmentRegion = English;
			hasScannedForEncodings = 0;
			knownRegions = (
				en,
				Base,
			);
			mainGroup = FA42780C1C9311BB00CE0E22;
			productRefGroup = FA4278161C9311BB00CE0E22 /* Products */;
			projectDirPath = "";
			projectRoot = "";
			targets = (
				FA4278141C9311BB00CE0E22 /* UIbuttonBackgroundColor */,
				FA42782D1C9311BB00CE0E22 /* UIbuttonBackgroundColorTests */,
				FA4278381C9311BB00CE0E22 /* UIbuttonBackgroundColorUITests */,
			);
		};
/* End PBXProject section */

/* Begin PBXResourcesBuildPhase section */
		FA4278131C9311BB00CE0E22 /* Resources */ = {
			isa = PBXResourcesBuildPhase;
			buildActionMask = 2147483647;
			files = (
				FA4278281C9311BB00CE0E22 /* LaunchScreen.storyboard in Resources */,
				FA4278251C9311BB00CE0E22 /* Assets.xcassets in Resources */,
				FA4278231C9311BB00CE0E22 /* Main.storyboard in Resources */,
			);
			runOnlyForDeploymentPostprocessing = 0;
		};
		FA42782C1C9311BB00CE0E22 /* Resources */ = {
			isa = PBXResourcesBuildPhase;
			buildActionMask = 2147483647;
			files = (
			);
			runOnlyForDeploymentPostprocessing = 0;
		};
		FA4278371C9311BB00CE0E22 /* Resources */ = {
			isa = PBXResourcesBuildPhase;
			buildActionMask = 2147483647;
			files = (
			);
			runOnlyForDeploymentPostprocessing = 0;
		};
/* End PBXResourcesBuildPhase section */

/* Begin PBXSourcesBuildPhase section */
		FA4278111C9311BB00CE0E22 /* Sources */ = {
			isa = PBXSourcesBuildPhase;
			buildActionMask = 2147483647;
			files = (
				FA4278201C9311BB00CE0E22 /* ViewController.m in Sources */,
				FA4278541C9329AF00CE0E22 /* UIButton+BackgroundColor.m in Sources */,
				FA42781D1C9311BB00CE0E22 /* AppDelegate.m in Sources */,
				FA42781A1C9311BB00CE0E22 /* main.m in Sources */,
			);
			runOnlyForDeploymentPostprocessing = 0;
		};
		FA42782A1C9311BB00CE0E22 /* Sources */ = {
			isa = PBXSourcesBuildPhase;
			buildActionMask = 2147483647;
			files = (
				FA4278331C9311BB00CE0E22 /* UIbuttonBackgroundColorTests.m in Sources */,
			);
			runOnlyForDeploymentPostprocessing = 0;
		};
		FA4278351C9311BB00CE0E22 /* Sources */ = {
			isa = PBXSourcesBuildPhase;
			buildActionMask = 2147483647;
			files = (
				FA42783E1C9311BB00CE0E22 /* UIbuttonBackgroundColorUITests.m in Sources */,
			);
			runOnlyForDeploymentPostprocessing = 0;
		};
/* End PBXSourcesBuildPhase section */

/* Begin PBXTargetDependency section */
		FA4278301C9311BB00CE0E22 /* PBXTargetDependency */ = {
			isa = PBXTargetDependency;
			target = FA4278141C9311BB00CE0E22 /* UIbuttonBackgroundColor */;
			targetProxy = FA42782F1C9311BB00CE0E22 /* PBXContainerItemProxy */;
		};
		FA42783B1C9311BB00CE0E22 /* PBXTargetDependency */ = {
			isa = PBXTargetDependency;
			target = FA4278141C9311BB00CE0E22 /* UIbuttonBackgroundColor */;
			targetProxy = FA42783A1C9311BB00CE0E22 /* PBXContainerItemProxy */;
		};
/* End PBXTargetDependency section */

/* Begin PBXVariantGroup section */
		FA4278211C9311BB00CE0E22 /* Main.storyboard */ = {
			isa = PBXVariantGroup;
			children = (
				FA4278221C9311BB00CE0E22 /* Base */,
			);
			name = Main.storyboard;
			sourceTree = "<group>";
		};
		FA4278261C9311BB00CE0E22 /* LaunchScreen.storyboard */ = {
			isa = PBXVariantGroup;
			children = (
				FA4278271C9311BB00CE0E22 /* Base */,
			);
			name = LaunchScreen.storyboard;
			sourceTree = "<group>";
		};
/* End PBXVariantGroup section */

/* Begin XCBuildConfiguration section */
		FA4278401C9311BB00CE0E22 /* Debug */ = {
			isa = XCBuildConfiguration;
			buildSettings = {
				ALWAYS_SEARCH_USER_PATHS = NO;
				CLANG_CXX_LANGUAGE_STANDARD = "gnu++0x";
				CLANG_CXX_LIBRARY = "libc++";
				CLANG_ENABLE_MODULES = YES;
				CLANG_ENABLE_OBJC_ARC = YES;
				CLANG_WARN_BOOL_CONVERSION = YES;
				CLANG_WARN_CONSTANT_CONVERSION = YES;
				CLANG_WARN_DIRECT_OBJC_ISA_USAGE = YES_ERROR;
				CLANG_WARN_EMPTY_BODY = YES;
				CLANG_WARN_ENUM_CONVERSION = YES;
				CLANG_WARN_INT_CONVERSION = YES;
				CLANG_WARN_OBJC_ROOT_CLASS = YES_ERROR;
				CLANG_WARN_UNREACHABLE_CODE = YES;
				CLANG_WARN__DUPLICATE_METHOD_MATCH = YES;
				"CODE_SIGN_IDENTITY[sdk=iphoneos*]" = "iPhone Developer";
				COPY_PHASE_STRIP = NO;
				DEBUG_INFORMATION_FORMAT = dwarf;
				ENABLE_STRICT_OBJC_MSGSEND = YES;
				ENABLE_TESTABILITY = YES;
				GCC_C_LANGUAGE_STANDARD = gnu99;
				GCC_DYNAMIC_NO_PIC = NO;
				GCC_NO_COMMON_BLOCKS = YES;
				GCC_OPTIMIZATION_LEVEL = 0;
				GCC_PREPROCESSOR_DEFINITIONS = (
					"DEBUG=1",
					"$(inherited)",
				);
				GCC_WARN_64_TO_32_BIT_CONVERSION = YES;
				GCC_WARN_ABOUT_RETURN_TYPE = YES_ERROR;
				GCC_WARN_UNDECLARED_SELECTOR = YES;
				GCC_WARN_UNINITIALIZED_AUTOS = YES_AGGRESSIVE;
				GCC_WARN_UNUSED_FUNCTION = YES;
				GCC_WARN_UNUSED_VARIABLE = YES;
				IPHONEOS_DEPLOYMENT_TARGET = 9.2;
				MTL_ENABLE_DEBUG_INFO = YES;
				ONLY_ACTIVE_ARCH = YES;
				SDKROOT = iphoneos;
			};
			name = Debug;
		};
		FA4278411C9311BB00CE0E22 /* Release */ = {
			isa = XCBuildConfiguration;
			buildSettings = {
				ALWAYS_SEARCH_USER_PATHS = NO;
				CLANG_CXX_LANGUAGE_STANDARD = "gnu++0x";
				CLANG_CXX_LIBRARY = "libc++";
				CLANG_ENABLE_MODULES = YES;
				CLANG_ENABLE_OBJC_ARC = YES;
				CLANG_WARN_BOOL_CONVERSION = YES;
				CLANG_WARN_CONSTANT_CONVERSION = YES;
				CLANG_WARN_DIRECT_OBJC_ISA_USAGE = YES_ERROR;
				CLANG_WARN_EMPTY_BODY = YES;
				CLANG_WARN_ENUM_CONVERSION = YES;
				CLANG_WARN_INT_CONVERSION = YES;
				CLANG_WARN_OBJC_ROOT_CLASS = YES_ERROR;
				CLANG_WARN_UNREACHABLE_CODE = YES;
				CLANG_WARN__DUPLICATE_METHOD_MATCH = YES;
				"CODE_SIGN_IDENTITY[sdk=iphoneos*]" = "iPhone Developer";
				COPY_PHASE_STRIP = NO;
				DEBUG_INFORMATION_FORMAT = "dwarf-with-dsym";
				ENABLE_NS_ASSERTIONS = NO;
				ENABLE_STRICT_OBJC_MSGSEND = YES;
				GCC_C_LANGUAGE_STANDARD = gnu99;
				GCC_NO_COMMON_BLOCKS = YES;
				GCC_WARN_64_TO_32_BIT_CONVERSION = YES;
				GCC_WARN_ABOUT_RETURN_TYPE = YES_ERROR;
				GCC_WARN_UNDECLARED_SELECTOR = YES;
				GCC_WARN_UNINITIALIZED_AUTOS = YES_AGGRESSIVE;
				GCC_WARN_UNUSED_FUNCTION = YES;
				GCC_WARN_UNUSED_VARIABLE = YES;
				IPHONEOS_DEPLOYMENT_TARGET = 9.2;
				MTL_ENABLE_DEBUG_INFO = NO;
				SDKROOT = iphoneos;
				VALIDATE_PRODUCT = YES;
			};
			name = Release;
		};
		FA4278431C9311BB00CE0E22 /* Debug */ = {
			isa = XCBuildConfiguration;
			buildSettings = {
				ASSETCATALOG_COMPILER_APPICON_NAME = AppIcon;
				INFOPLIST_FILE = UIbuttonBackgroundColor/Info.plist;
				LD_RUNPATH_SEARCH_PATHS = "$(inherited) @executable_path/Frameworks";
				PRODUCT_BUNDLE_IDENTIFIER = Alex.UIbuttonBackgroundColor;
				PRODUCT_NAME = "$(TARGET_NAME)";
			};
			name = Debug;
		};
		FA4278441C9311BB00CE0E22 /* Release */ = {
			isa = XCBuildConfiguration;
			buildSettings = {
				ASSETCATALOG_COMPILER_APPICON_NAME = AppIcon;
				INFOPLIST_FILE = UIbuttonBackgroundColor/Info.plist;
				LD_RUNPATH_SEARCH_PATHS = "$(inherited) @executable_path/Frameworks";
				PRODUCT_BUNDLE_IDENTIFIER = Alex.UIbuttonBackgroundColor;
				PRODUCT_NAME = "$(TARGET_NAME)";
			};
			name = Release;
		};
		FA4278461C9311BB00CE0E22 /* Debug */ = {
			isa = XCBuildConfiguration;
			buildSettings = {
				BUNDLE_LOADER = "$(TEST_HOST)";
				INFOPLIST_FILE = UIbuttonBackgroundColorTests/Info.plist;
				LD_RUNPATH_SEARCH_PATHS = "$(inherited) @executable_path/Frameworks @loader_path/Frameworks";
				PRODUCT_BUNDLE_IDENTIFIER = Alex.UIbuttonBackgroundColorTests;
				PRODUCT_NAME = "$(TARGET_NAME)";
				TEST_HOST = "$(BUILT_PRODUCTS_DIR)/UIbuttonBackgroundColor.app/UIbuttonBackgroundColor";
			};
			name = Debug;
		};
		FA4278471C9311BB00CE0E22 /* Release */ = {
			isa = XCBuildConfiguration;
			buildSettings = {
				BUNDLE_LOADER = "$(TEST_HOST)";
				INFOPLIST_FILE = UIbuttonBackgroundColorTests/Info.plist;
				LD_RUNPATH_SEARCH_PATHS = "$(inherited) @executable_path/Frameworks @loader_path/Frameworks";
				PRODUCT_BUNDLE_IDENTIFIER = Alex.UIbuttonBackgroundColorTests;
				PRODUCT_NAME = "$(TARGET_NAME)";
				TEST_HOST = "$(BUILT_PRODUCTS_DIR)/UIbuttonBackgroundColor.app/UIbuttonBackgroundColor";
			};
			name = Release;
		};
		FA4278491C9311BB00CE0E22 /* Debug */ = {
			isa = XCBuildConfiguration;
			buildSettings = {
				INFOPLIST_FILE = UIbuttonBackgroundColorUITests/Info.plist;
				LD_RUNPATH_SEARCH_PATHS = "$(inherited) @executable_path/Frameworks @loader_path/Frameworks";
				PRODUCT_BUNDLE_IDENTIFIER = Alex.UIbuttonBackgroundColorUITests;
				PRODUCT_NAME = "$(TARGET_NAME)";
				TEST_TARGET_NAME = UIbuttonBackgroundColor;
				USES_XCTRUNNER = YES;
			};
			name = Debug;
		};
		FA42784A1C9311BB00CE0E22 /* Release */ = {
			isa = XCBuildConfiguration;
			buildSettings = {
				INFOPLIST_FILE = UIbuttonBackgroundColorUITests/Info.plist;
				LD_RUNPATH_SEARCH_PATHS = "$(inherited) @executable_path/Frameworks @loader_path/Frameworks";
				PRODUCT_BUNDLE_IDENTIFIER = Alex.UIbuttonBackgroundColorUITests;
				PRODUCT_NAME = "$(TARGET_NAME)";
				TEST_TARGET_NAME = UIbuttonBackgroundColor;
				USES_XCTRUNNER = YES;
			};
			name = Release;
		};
/* End XCBuildConfiguration section */

/* Begin XCConfigurationList section */
		FA4278101C9311BB00CE0E22 /* Build configuration list for PBXProject "UIbuttonBackgroundColor" */ = {
			isa = XCConfigurationList;
			buildConfigurations = (
				FA4278401C9311BB00CE0E22 /* Debug */,
				FA4278411C9311BB00CE0E22 /* Release */,
			);
			defaultConfigurationIsVisible = 0;
			defaultConfigurationName = Release;
		};
		FA4278421C9311BB00CE0E22 /* Build configuration list for PBXNativeTarget "UIbuttonBackgroundColor" */ = {
			isa = XCConfigurationList;
			buildConfigurations = (
				FA4278431C9311BB00CE0E22 /* Debug */,
				FA4278441C9311BB00CE0E22 /* Release */,
			);
			defaultConfigurationIsVisible = 0;
			defaultConfigurationName = Release;
		};
		FA4278451C9311BB00CE0E22 /* Build configuration list for PBXNativeTarget "UIbuttonBackgroundColorTests" */ = {
			isa = XCConfigurationList;
			buildConfigurations = (
				FA4278461C9311BB00CE0E22 /* Debug */,
				FA4278471C9311BB00CE0E22 /* Release */,
			);
			defaultConfigurationIsVisible = 0;
			defaultConfigurationName = Release;
		};
		FA4278481C9311BB00CE0E22 /* Build configuration list for PBXNativeTarget "UIbuttonBackgroundColorUITests" */ = {
			isa = XCConfigurationList;
			buildConfigurations = (
				FA4278491C9311BB00CE0E22 /* Debug */,
				FA42784A1C9311BB00CE0E22 /* Release */,
			);
			defaultConfigurationIsVisible = 0;
			defaultConfigurationName = Release;
		};
/* End XCConfigurationList section */
	};
	rootObject = FA42780D1C9311BB00CE0E22 /* Project object */;
}
